{
  "name": "pdf-extractor-frontend",
  "version": "2.0.0",
  "lockfileVersion": 3,
  "requires": true,
  "packages": {
    "": {
      "name": "pdf-extractor-frontend",
      "version": "2.0.0",
      "dependencies": {
        "react": "^18.2.0",
        "react-dom": "^18.2.0",
        "axios": "^1.4.0"
      },
      "devDependencies": {
        "vite": "^4.3.0",
        "@vitejs/plugin-react": "^4.0.0",
        "eslint": "^8.40.0",
        "eslint-plugin-react": "^7.32.0",
        "vitest": "^1.0.0",
        "@vitest/ui": "^1.0.0",
        "@testing-library/react": "^14.1.0",
        "@testing-library/jest-dom": "^6.1.5",
        "@testing-library/user-event": "^14.5.1",
        "jsdom": "^23.0.0",
        "msw": "^1.3.0",
        "@vitest/coverage-v8": "^1.0.0"
      }
    },
    "node_modules/react": {
      "version": "18.2.0",
      "resolved": "https://registry.npmjs.org/react/-/react-18.2.0.tgz",
      "dependencies": {
        "loose-envify": "^1.1.0"
      },
      "engines": {
        "node": ">=0.10.0"
      }
    },
    "node_modules/react-dom": {
      "version": "18.2.0",
      "resolved": "https://registry.npmjs.org/react-dom/-/react-dom-18.2.0.tgz",
      "peerDependencies": {
        "react": "^18.2.0"
      }
    },
    "node_modules/axios": {
      "version": "1.4.0",
      "resolved": "https://registry.npmjs.org/axios/-/axios-1.4.0.tgz"
    },
    "node_modules/vite": {
      "version": "4.3.0",
      "resolved": "https://registry.npmjs.org/vite/-/vite-4.3.0.tgz"
    },
    "node_modules/@vitejs/plugin-react": {
      "version": "4.0.0",
      "resolved": "https://registry.npmjs.org/@vitejs/plugin-react/-/plugin-react-4.0.0.tgz",
      "peerDependencies": {
        "vite": "^4.0.0"
      }
    },
    "node_modules/eslint": {
      "version": "8.40.0",
      "resolved": "https://registry.npmjs.org/eslint/-/eslint-8.40.0.tgz"
    },
    "node_modules/eslint-plugin-react": {
      "version": "7.32.0",
      "resolved": "https://registry.npmjs.org/eslint-plugin-react/-/eslint-plugin-react-7.32.0.tgz",
      "peerDependencies": {
        "eslint": "^3 || ^4 || ^5 || ^6 || ^7 || ^8"
      }
    },
    "node_modules/vitest": {
      "version": "1.0.0",
      "resolved": "https://registry.npmjs.org/vitest/-/vitest-1.0.0.tgz"
    },
    "node_modules/@vitest/ui": {
      "version": "1.0.0",
      "resolved": "https://registry.npmjs.org/@vitest/ui/-/ui-1.0.0.tgz"
    },
    "node_modules/@testing-library/react": {
      "version": "14.1.0",
      "resolved": "https://registry.npmjs.org/@testing-library/react/-/react-14.1.0.tgz"
    },
    "node_modules/@testing-library/jest-dom": {
      "version": "6.1.5",
      "resolved": "https://registry.npmjs.org/@testing-library/jest-dom/-/jest-dom-6.1.5.tgz"
    },
    "node_modules/@testing-library/user-event": {
      "version": "14.5.1",
      "resolved": "https://registry.npmjs.org/@testing-library/user-event/-/user-event-14.5.1.tgz"
    },
    "node_modules/jsdom": {
      "version": "23.0.0",
      "resolved": "https://registry.npmjs.org/jsdom/-/jsdom-23.0.0.tgz"
    },
    "node_modules/msw": {
      "version": "1.3.0",
      "resolved": "https://registry.npmjs.org/msw/-/msw-1.3.0.tgz"
    },
    "node_modules/@vitest/coverage-v8": {
      "version": "1.0.0",
      "resolved": "https://registry.npmjs.org/@vitest/coverage-v8/-/coverage-v8-1.0.0.tgz"
    },
    "node_modules/loose-envify": {
      "version": "1.4.0",
      "resolved": "https://registry.npmjs.org/loose-envify/-/loose-envify-1.4.0.tgz"
    }
  }
}
